# This file is generated by `lpm install`; do not edit it manually.
version = 2

[[package]]
name = "4x8matrix/cli_builder"
version = "0.1.0-dev.1"
environment = "luau"
link = "cli_builder"
index = "https://github.com/pesde-pkg/index"
type = "tar-gz"
url = "https://registry.pesde.daimond113.com/v1/packages/4x8matrix%2Fcli_builder/0.1.0-dev.1/luau/archive"
